Microsoft Visual Studio Solution File, Format Version 12.00
# Visual Studio Version 17
VisualStudioVersion = 17.5.2.0
MinimumVisualStudioVersion = 10.0.40219.1
Project("{FAE04EC0-301F-11D3-BF4B-00C04F79EFBC}") = "Lab5", "Lab5.csproj", "{AA2AB7A4-9505-F42A-7246-E04FD356976A}"
EndProject
Global
	GlobalSection(SolutionConfigurationPlatforms) = preSolution
		Debug|Any CPU = Debug|Any CPU
		Release|Any CPU = Release|Any CPU
	EndGlobalSection
	GlobalSection(ProjectConfigurationPlatforms) = postSolution
		{AA2AB7A4-9505-F42A-7246-E04FD356976A}.Debug|Any CPU.ActiveCfg = Debug|Any CPU
		{AA2AB7A4-9505-F42A-7246-E04FD356976A}.Debug|Any CPU.Build.0 = Debug|Any CPU
		{AA2AB7A4-9505-F42A-7246-E04FD356976A}.Release|Any CPU.ActiveCfg = Release|Any CPU
		{AA2AB7A4-9505-F42A-7246-E04FD356976A}.Release|Any CPU.Build.0 = Release|Any CPU
	EndGlobalSection
	GlobalSection(SolutionProperties) = preSolution
		HideSolutionNode = FALSE
	EndGlobalSection
	GlobalSection(ExtensibilityGlobals) = postSolution
		SolutionGuid = {3889AFE0-83A9-4EDD-9B50-FEB9317EFFAC}
	EndGlobalSection
EndGlobal
